// !$*UTF8*$!
{
	archiveVersion = 1;
	classes = {
	};
	objectVersion = 46;
	objects = {

/* Begin PBXBuildFile section */
		D47A69381EEB50F7001167E7 /* AppDelegate.swift in Sources */ = {isa = PBXBuildFile; fileRef = D47A69371EEB50F7001167E7 /* AppDelegate.swift */; };
		D47A693A1EEB50F7001167E7 /* ViewController.swift in Sources */ = {isa = PBXBuildFile; fileRef = D47A69391EEB50F7001167E7 /* ViewController.swift */; };
		D47A693D1EEB50F7001167E7 /* Main.storyboard in Resources */ = {isa = PBXBuildFile; fileRef = D47A693B1EEB50F7001167E7 /* Main.storyboard */; };
		D47A693F1EEB50F7001167E7 /* Assets.xcassets in Resources */ = {isa = PBXBuildFile; fileRef = D47A693E1EEB50F7001167E7 /* Assets.xcassets */; };
		D47A69421EEB50F7001167E7 /* LaunchScreen.storyboard in Resources */ = {isa = PBXBuildFile; fileRef = D47A69401EEB50F7001167E7 /* LaunchScreen.storyboard */; };
		D47A694B1EEB52A4001167E7 /* FlashSprite.swift in Sources */ = {isa = PBXBuildFile; fileRef = D47A694A1EEB52A4001167E7 /* FlashSprite.swift */; };
		D47A694D1EEB7B60001167E7 /* SquareSprite.swift in Sources */ = {isa = PBXBuildFile; fileRef = D47A694C1EEB7B60001167E7 /* SquareSprite.swift */; };
		D47A694F1EEB7E8A001167E7 /* Vertex.swift in Sources */ = {isa = PBXBuildFile; fileRef = D47A694E1EEB7E8A001167E7 /* Vertex.swift */; };
/* End PBXBuildFile section */

/* Begin PBXFileReference section */
		D47A69341EEB50F7001167E7 /* BasicGLTutorial.app */ = {isa = PBXFileReference; explicitFileType = wrapper.application; includeInIndex = 0; path = BasicGLTutorial.app; sourceTree = BUILT_PRODUCTS_DIR; };
		D47A69371EEB50F7001167E7 /* AppDelegate.swift */ = {isa = PBXFileReference; lastKnownFileType = sourcecode.swift; path = AppDelegate.swift; sourceTree = "<group>"; };
		D47A69391EEB50F7001167E7 /* ViewController.swift */ = {isa = PBXFileReference; lastKnownFileType = sourcecode.swift; path = ViewController.swift; sourceTree = "<group>"; };
		D47A693C1EEB50F7001167E7 /* Base */ = {isa = PBXFileReference; lastKnownFileType = file.storyboard; name = Base; path = Base.lproj/Main.storyboard; sourceTree = "<group>"; };
		D47A693E1EEB50F7001167E7 /* Assets.xcassets */ = {isa = PBXFileReference; lastKnownFileType = folder.assetcatalog; path = Assets.xcassets; sourceTree = "<group>"; };
		D47A69411EEB50F7001167E7 /* Base */ = {isa = PBXFileReference; lastKnownFileType = file.storyboard; name = Base; path = Base.lproj/LaunchScreen.storyboard; sourceTree = "<group>"; };
		D47A69431EEB50F7001167E7 /* Info.plist */ = {isa = PBXFileReference; lastKnownFileType = text.plist.xml; path = Info.plist; sourceTree = "<group>"; };
		D47A694A1EEB52A4001167E7 /* FlashSprite.swift */ = {isa = PBXFileReference; fileEncoding = 4; lastKnownFileType = sourcecode.swift; path = FlashSprite.swift; sourceTree = "<group>"; };
		D47A694C1EEB7B60001167E7 /* SquareSprite.swift */ = {isa = PBXFileReference; fileEncoding = 4; lastKnownFileType = sourcecode.swift; path = SquareSprite.swift; sourceTree = "<group>"; };
		D47A694E1EEB7E8A001167E7 /* Vertex.swift */ = {isa = PBXFileReference; fileEncoding = 4; lastKnownFileType = sourcecode.swift; path = Vertex.swift; sourceTree = "<group>"; };
/* End PBXFileReference section */

/* Begin PBXFrameworksBuildPhase section */
		D47A69311EEB50F7001167E7 /* Frameworks */ = {
			isa = PBXFrameworksBuildPhase;
			buildActionMask = 2147483647;
			files = (
			);
			runOnlyForDeploymentPostprocessing = 0;
		};
/* End PBXFrameworksBuildPhase section */

/* Begin PBXGroup section */
		D47A692B1EEB50F7001167E7 = {
			isa = PBXGroup;
			children = (
				D47A69361EEB50F7001167E7 /* BasicGLTutorial */,
				D47A69351EEB50F7001167E7 /* Products */,
			);
			sourceTree = "<group>";
		};
		D47A69351EEB50F7001167E7 /* Products */ = {
			isa = PBXGroup;
			children = (
				D47A69341EEB50F7001167E7 /* BasicGLTutorial.app */,
			);
			name = Products;
			sourceTree = "<group>";
		};
		D47A69361EEB50F7001167E7 /* BasicGLTutorial */ = {
			isa = PBXGroup;
			children = (
				D47A694A1EEB52A4001167E7 /* FlashSprite.swift */,
				D47A694C1EEB7B60001167E7 /* SquareSprite.swift */,
				D47A694E1EEB7E8A001167E7 /* Vertex.swift */,
				D47A69391EEB50F7001167E7 /* ViewController.swift */,
				D47A69491EEB513B001167E7 /* helper files */,
			);
			path = BasicGLTutorial;
			sourceTree = "<group>";
		};
		D47A69491EEB513B001167E7 /* helper files */ = {
			isa = PBXGroup;
			children = (
				D47A69371EEB50F7001167E7 /* AppDelegate.swift */,
				D47A693B1EEB50F7001167E7 /* Main.storyboard */,
				D47A693E1EEB50F7001167E7 /* Assets.xcassets */,
				D47A69401EEB50F7001167E7 /* LaunchScreen.storyboard */,
				D47A69431EEB50F7001167E7 /* Info.plist */,
			);
			name = "helper files";
			sourceTree = "<group>";
		};
/* End PBXGroup section */

/* Begin PBXNativeTarget section */
		D47A69331EEB50F7001167E7 /* BasicGLTutorial */ = {
			isa = PBXNativeTarget;
			buildConfigurationList = D47A69461EEB50F7001167E7 /* Build configuration list for PBXNativeTarget "BasicGLTutorial" */;
			buildPhases = (
				D47A69301EEB50F7001167E7 /* Sources */,
				D47A69311EEB50F7001167E7 /* Frameworks */,
				D47A69321EEB50F7001167E7 /* Resources */,
			);
			buildRules = (
			);
			dependencies = (
			);
			name = BasicGLTutorial;
			productName = BasicGLTutorial;
			productReference = D47A69341EEB50F7001167E7 /* BasicGLTutorial.app */;
			productType = "com.apple.product-type.application";
		};
/* End PBXNativeTarget section */

/* Begin PBXProject section */
		D47A692C1EEB50F7001167E7 /* Project object */ = {
			isa = PBXProject;
			attributes = {
				LastSwiftUpdateCheck = 0830;
				LastUpgradeCheck = 0830;
				ORGANIZATIONNAME = "eric yu";
				TargetAttributes = {
					D47A69331EEB50F7001167E7 = {
						CreatedOnToolsVersion = 8.3.3;
						DevelopmentTeam = XFDXLZRBS4;
						ProvisioningStyle = Automatic;
					};
				};
			};
			buildConfigurationList = D47A692F1EEB50F7001167E7 /* Build configuration list for PBXProject "BasicGLTutorial" */;
			compatibilityVersion = "Xcode 3.2";
			developmentRegion = English;
			hasScannedForEncodings = 0;
			knownRegions = (
				en,
				Base,
			);
			mainGroup = D47A692B1EEB50F7001167E7;
			productRefGroup = D47A69351EEB50F7001167E7 /* Products */;
			projectDirPath = "";
			projectRoot = "";
			targets = (
				D47A69331EEB50F7001167E7 /* BasicGLTutorial */,
			);
		};
/* End PBXProject section */

/* Begin PBXResourcesBuildPhase section */
		D47A69321EEB50F7001167E7 /* Resources */ = {
			isa = PBXResourcesBuildPhase;
			buildActionMask = 2147483647;
			files = (
				D47A69421EEB50F7001167E7 /* LaunchScreen.storyboard in Resources */,
				D47A693F1EEB50F7001167E7 /* Assets.xcassets in Resources */,
				D47A693D1EEB50F7001167E7 /* Main.storyboard in Resources */,
			);
			runOnlyForDeploymentPostprocessing = 0;
		};
/* End PBXResourcesBuildPhase section */

/* Begin PBXSourcesBuildPhase section */
		D47A69301EEB50F7001167E7 /* Sources */ = {
			isa = PBXSourcesBuildPhase;
			buildActionMask = 2147483647;
			files = (
				D47A694B1EEB52A4001167E7 /* FlashSprite.swift in Sources */,
				D47A694D1EEB7B60001167E7 /* SquareSprite.swift in Sources */,
				D47A693A1EEB50F7001167E7 /* ViewController.swift in Sources */,
				D47A694F1EEB7E8A001167E7 /* Vertex.swift in Sources */,
				D47A69381EEB50F7001167E7 /* AppDelegate.swift in Sources */,
			);
			runOnlyForDeploymentPostprocessing = 0;
		};
/* End PBXSourcesBuildPhase section */

/* Begin PBXVariantGroup section */
		D47A693B1EEB50F7001167E7 /* Main.storyboard */ = {
			isa = PBXVariantGroup;
			children = (
				D47A693C1EEB50F7001167E7 /* Base */,
			);
			name = Main.storyboard;
			sourceTree = "<group>";
		};
		D47A69401EEB50F7001167E7 /* LaunchScreen.storyboard */ = {
			isa = PBXVariantGroup;
			children = (
				D47A69411EEB50F7001167E7 /* Base */,
			);
			name = LaunchScreen.storyboard;
			sourceTree = "<group>";
		};
/* End PBXVariantGroup section */

/* Begin XCBuildConfiguration section */
		D47A69441EEB50F7001167E7 /* Debug */ = {
			isa = XCBuildConfiguration;
			buildSettings = {
				ALWAYS_SEARCH_USER_PATHS = NO;
				CLANG_ANALYZER_NONNULL = YES;
				CLANG_ANALYZER_NUMBER_OBJECT_CONVERSION = YES_AGGRESSIVE;
				CLANG_CXX_LANGUAGE_STANDARD = "gnu++0x";
				CLANG_CXX_LIBRARY = "libc++";
				CLANG_ENABLE_MODULES = YES;
				CLANG_ENABLE_OBJC_ARC = YES;
				CLANG_WARN_BOOL_CONVERSION = YES;
				CLANG_WARN_CONSTANT_CONVERSION = YES;
				CLANG_WARN_DIRECT_OBJC_ISA_USAGE = YES_ERROR;
				CLANG_WARN_DOCUMENTATION_COMMENTS = YES;
				CLANG_WARN_EMPTY_BODY = YES;
				CLANG_WARN_ENUM_CONVERSION = YES;
				CLANG_WARN_INFINITE_RECURSION = YES;
				CLANG_WARN_INT_CONVERSION = YES;
				CLANG_WARN_OBJC_ROOT_CLASS = YES_ERROR;
				CLANG_WARN_SUSPICIOUS_MOVE = YES;
				CLANG_WARN_UNREACHABLE_CODE = YES;
				CLANG_WARN__DUPLICATE_METHOD_MATCH = YES;
				"CODE_SIGN_IDENTITY[sdk=iphoneos*]" = "iPhone Developer";
				COPY_PHASE_STRIP = NO;
				DEBUG_INFORMATION_FORMAT = dwarf;
				ENABLE_STRICT_OBJC_MSGSEND = YES;
				ENABLE_TESTABILITY = YES;
				GCC_C_LANGUAGE_STANDARD = gnu99;
				GCC_DYNAMIC_NO_PIC = NO;
				GCC_NO_COMMON_BLOCKS = YES;
				GCC_OPTIMIZATION_LEVEL = 0;
				GCC_PREPROCESSOR_DEFINITIONS = (
					"DEBUG=1",
					"$(inherited)",
				);
				GCC_WARN_64_TO_32_BIT_CONVERSION = YES;
				GCC_WARN_ABOUT_RETURN_TYPE = YES_ERROR;
				GCC_WARN_UNDECLARED_SELECTOR = YES;
				GCC_WARN_UNINITIALIZED_AUTOS = YES_AGGRESSIVE;
				GCC_WARN_UNUSED_FUNCTION = YES;
				GCC_WARN_UNUSED_VARIABLE = YES;
				IPHONEOS_DEPLOYMENT_TARGET = 10.3;
				MTL_ENABLE_DEBUG_INFO = YES;
				ONLY_ACTIVE_ARCH = YES;
				SDKROOT = iphoneos;
				SWIFT_ACTIVE_COMPILATION_CONDITIONS = DEBUG;
				SWIFT_OPTIMIZATION_LEVEL = "-Onone";
				TARGETED_DEVICE_FAMILY = "1,2";
			};
			name = Debug;
		};
		D47A69451EEB50F7001167E7 /* Release */ = {
			isa = XCBuildConfiguration;
			buildSettings = {
				ALWAYS_SEARCH_USER_PATHS = NO;
				CLANG_ANALYZER_NONNULL = YES;
				CLANG_ANALYZER_NUMBER_OBJECT_CONVERSION = YES_AGGRESSIVE;
				CLANG_CXX_LANGUAGE_STANDARD = "gnu++0x";
				CLANG_CXX_LIBRARY = "libc++";
				CLANG_ENABLE_MODULES = YES;
				CLANG_ENABLE_OBJC_ARC = YES;
				CLANG_WARN_BOOL_CONVERSION = YES;
				CLANG_WARN_CONSTANT_CONVERSION = YES;
				CLANG_WARN_DIRECT_OBJC_ISA_USAGE = YES_ERROR;
				CLANG_WARN_DOCUMENTATION_COMMENTS = YES;
				CLANG_WARN_EMPTY_BODY = YES;
				CLANG_WARN_ENUM_CONVERSION = YES;
				CLANG_WARN_INFINITE_RECURSION = YES;
				CLANG_WARN_INT_CONVERSION = YES;
				CLANG_WARN_OBJC_ROOT_CLASS = YES_ERROR;
				CLANG_WARN_SUSPICIOUS_MOVE = YES;
				CLANG_WARN_UNREACHABLE_CODE = YES;
				CLANG_WARN__DUPLICATE_METHOD_MATCH = YES;
				"CODE_SIGN_IDENTITY[sdk=iphoneos*]" = "iPhone Developer";
				COPY_PHASE_STRIP = NO;
				DEBUG_INFORMATION_FORMAT = "dwarf-with-dsym";
				ENABLE_NS_ASSERTIONS = NO;
				ENABLE_STRICT_OBJC_MSGSEND = YES;
				GCC_C_LANGUAGE_STANDARD = gnu99;
				GCC_NO_COMMON_BLOCKS = YES;
				GCC_WARN_64_TO_32_BIT_CONVERSION = YES;
				GCC_WARN_ABOUT_RETURN_TYPE = YES_ERROR;
				GCC_WARN_UNDECLARED_SELECTOR = YES;
				GCC_WARN_UNINITIALIZED_AUTOS = YES_AGGRESSIVE;
				GCC_WARN_UNUSED_FUNCTION = YES;
				GCC_WARN_UNUSED_VARIABLE = YES;
				IPHONEOS_DEPLOYMENT_TARGET = 10.3;
				MTL_ENABLE_DEBUG_INFO = NO;
				SDKROOT = iphoneos;
				SWIFT_OPTIMIZATION_LEVEL = "-Owholemodule";
				TARGETED_DEVICE_FAMILY = "1,2";
				VALIDATE_PRODUCT = YES;
			};
			name = Release;
		};
		D47A69471EEB50F7001167E7 /* Debug */ = {
			isa = XCBuildConfiguration;
			buildSettings = {
				ASSETCATALOG_COMPILER_APPICON_NAME = AppIcon;
				DEVELOPMENT_TEAM = XFDXLZRBS4;
				INFOPLIST_FILE = BasicGLTutorial/Info.plist;
				LD_RUNPATH_SEARCH_PATHS = "$(inherited) @executable_path/Frameworks";
				PRODUCT_BUNDLE_IDENTIFIER = com.ericyu423.BasicGLTutorial;
				PRODUCT_NAME = "$(TARGET_NAME)";
				SWIFT_VERSION = 3.0;
			};
			name = Debug;
		};
		D47A69481EEB50F7001167E7 /* Release */ = {
			isa = XCBuildConfiguration;
			buildSettings = {
				ASSETCATALOG_COMPILER_APPICON_NAME = AppIcon;
				DEVELOPMENT_TEAM = XFDXLZRBS4;
				INFOPLIST_FILE = BasicGLTutorial/Info.plist;
				LD_RUNPATH_SEARCH_PATHS = "$(inherited) @executable_path/Frameworks";
				PRODUCT_BUNDLE_IDENTIFIER = com.ericyu423.BasicGLTutorial;
				PRODUCT_NAME = "$(TARGET_NAME)";
				SWIFT_VERSION = 3.0;
			};
			name = Release;
		};
/* End XCBuildConfiguration section */

/* Begin XCConfigurationList section */
		D47A692F1EEB50F7001167E7 /* Build configuration list for PBXProject "BasicGLTutorial" */ = {
			isa = XCConfigurationList;
			buildConfigurations = (
				D47A69441EEB50F7001167E7 /* Debug */,
				D47A69451EEB50F7001167E7 /* Release */,
			);
			defaultConfigurationIsVisible = 0;
			defaultConfigurationName = Release;
		};
		D47A69461EEB50F7001167E7 /* Build configuration list for PBXNativeTarget "BasicGLTutorial" */ = {
			isa = XCConfigurationList;
			buildConfigurations = (
				D47A69471EEB50F7001167E7 /* Debug */,
				D47A69481EEB50F7001167E7 /* Release */,
			);
			defaultConfigurationIsVisible = 0;
		};
/* End XCConfigurationList section */
	};
	rootObject = D47A692C1EEB50F7001167E7 /* Project object */;
}
