// !$*UTF8*$!
{
	archiveVersion = 1;
	classes = {
	};
	objectVersion = 46;
	objects = {

/* Begin PBXBuildFile section */
		D4AFC5DC1EE327E8002A122B /* main.cpp in Sources */ = {isa = PBXBuildFile; fileRef = D4AFC5DB1EE327E8002A122B /* main.cpp */; };
/* End PBXBuildFile section */

/* Begin PBXFileReference section */
		D4AFC5D81EE327E8002A122B /* objToOpenGL */ = {isa = PBXFileReference; explicitFileType = "compiled.mach-o.executable"; includeInIndex = 0; path = objToOpenGL; sourceTree = BUILT_PRODUCTS_DIR; };
		D4AFC5DB1EE327E8002A122B /* main.cpp */ = {isa = PBXFileReference; lastKnownFileType = sourcecode.cpp.cpp; path = main.cpp; sourceTree = "<group>"; };
/* End PBXFileReference section */

/* Begin PBXFrameworksBuildPhase section */
		D4AFC5D51EE327E8002A122B /* Frameworks */ = {
			isa = PBXFrameworksBuildPhase;
			buildActionMask = 2147483647;
			files = (
			);
			runOnlyForDeploymentPostprocessing = 0;
		};
/* End PBXFrameworksBuildPhase section */

/* Begin PBXGroup section */
		D4AFC5CF1EE327E8002A122B = {
			isa = PBXGroup;
			children = (
				D4AFC5DA1EE327E8002A122B /* objToOpenGL */,
				D4AFC5D91EE327E8002A122B /* Products */,
			);
			sourceTree = "<group>";
		};
		D4AFC5D91EE327E8002A122B /* Products */ = {
			isa = PBXGroup;
			children = (
				D4AFC5D81EE327E8002A122B /* objToOpenGL */,
			);
			name = Products;
			sourceTree = "<group>";
		};
		D4AFC5DA1EE327E8002A122B /* objToOpenGL */ = {
			isa = PBXGroup;
			children = (
				D4AFC5DB1EE327E8002A122B /* main.cpp */,
			);
			path = objToOpenGL;
			sourceTree = "<group>";
		};
/* End PBXGroup section */

/* Begin PBXNativeTarget section */
		D4AFC5D71EE327E8002A122B /* objToOpenGL */ = {
			isa = PBXNativeTarget;
			buildConfigurationList = D4AFC5DF1EE327E8002A122B /* Build configuration list for PBXNativeTarget "objToOpenGL" */;
			buildPhases = (
				D4AFC5D41EE327E8002A122B /* Sources */,
				D4AFC5D51EE327E8002A122B /* Frameworks */,
			);
			buildRules = (
			);
			dependencies = (
			);
			name = objToOpenGL;
			productName = objToOpenGL;
			productReference = D4AFC5D81EE327E8002A122B /* objToOpenGL */;
			productType = "com.apple.product-type.tool";
		};
/* End PBXNativeTarget section */

/* Begin PBXProject section */
		D4AFC5D01EE327E8002A122B /* Project object */ = {
			isa = PBXProject;
			attributes = {
				LastUpgradeCheck = 0830;
				ORGANIZATIONNAME = "eric yu";
				TargetAttributes = {
					D4AFC5D71EE327E8002A122B = {
						CreatedOnToolsVersion = 8.3.2;
						DevelopmentTeam = XFDXLZRBS4;
						ProvisioningStyle = Automatic;
					};
				};
			};
			buildConfigurationList = D4AFC5D31EE327E8002A122B /* Build configuration list for PBXProject "objToOpenGL" */;
			compatibilityVersion = "Xcode 3.2";
			developmentRegion = English;
			hasScannedForEncodings = 0;
			knownRegions = (
				en,
			);
			mainGroup = D4AFC5CF1EE327E8002A122B;
			productRefGroup = D4AFC5D91EE327E8002A122B /* Products */;
			projectDirPath = "";
			projectRoot = "";
			targets = (
				D4AFC5D71EE327E8002A122B /* objToOpenGL */,
			);
		};
/* End PBXProject section */

/* Begin PBXSourcesBuildPhase section */
		D4AFC5D41EE327E8002A122B /* Sources */ = {
			isa = PBXSourcesBuildPhase;
			buildActionMask = 2147483647;
			files = (
				D4AFC5DC1EE327E8002A122B /* main.cpp in Sources */,
			);
			runOnlyForDeploymentPostprocessing = 0;
		};
/* End PBXSourcesBuildPhase section */

/* Begin XCBuildConfiguration section */
		D4AFC5DD1EE327E8002A122B /* Debug */ = {
			isa = XCBuildConfiguration;
			buildSettings = {
				ALWAYS_SEARCH_USER_PATHS = NO;
				CLANG_ANALYZER_NONNULL = YES;
				CLANG_ANALYZER_NUMBER_OBJECT_CONVERSION = YES_AGGRESSIVE;
				CLANG_CXX_LANGUAGE_STANDARD = "gnu++0x";
				CLANG_CXX_LIBRARY = "libc++";
				CLANG_ENABLE_MODULES = YES;
				CLANG_ENABLE_OBJC_ARC = YES;
				CLANG_WARN_BOOL_CONVERSION = YES;
				CLANG_WARN_CONSTANT_CONVERSION = YES;
				CLANG_WARN_DIRECT_OBJC_ISA_USAGE = YES_ERROR;
				CLANG_WARN_DOCUMENTATION_COMMENTS = YES;
				CLANG_WARN_EMPTY_BODY = YES;
				CLANG_WARN_ENUM_CONVERSION = YES;
				CLANG_WARN_INFINITE_RECURSION = YES;
				CLANG_WARN_INT_CONVERSION = YES;
				CLANG_WARN_OBJC_ROOT_CLASS = YES_ERROR;
				CLANG_WARN_SUSPICIOUS_MOVE = YES;
				CLANG_WARN_UNREACHABLE_CODE = YES;
				CLANG_WARN__DUPLICATE_METHOD_MATCH = YES;
				CODE_SIGN_IDENTITY = "-";
				COPY_PHASE_STRIP = NO;
				DEBUG_INFORMATION_FORMAT = dwarf;
				ENABLE_STRICT_OBJC_MSGSEND = YES;
				ENABLE_TESTABILITY = YES;
				GCC_C_LANGUAGE_STANDARD = gnu99;
				GCC_DYNAMIC_NO_PIC = NO;
				GCC_NO_COMMON_BLOCKS = YES;
				GCC_OPTIMIZATION_LEVEL = 0;
				GCC_PREPROCESSOR_DEFINITIONS = (
					"DEBUG=1",
					"$(inherited)",
				);
				GCC_WARN_64_TO_32_BIT_CONVERSION = YES;
				GCC_WARN_ABOUT_RETURN_TYPE = YES_ERROR;
				GCC_WARN_UNDECLARED_SELECTOR = YES;
				GCC_WARN_UNINITIALIZED_AUTOS = YES_AGGRESSIVE;
				GCC_WARN_UNUSED_FUNCTION = YES;
				GCC_WARN_UNUSED_VARIABLE = YES;
				MACOSX_DEPLOYMENT_TARGET = 10.12;
				MTL_ENABLE_DEBUG_INFO = YES;
				NEW_SETTING = "";
				ONLY_ACTIVE_ARCH = YES;
				SDKROOT = macosx;
			};
			name = Debug;
		};
		D4AFC5DE1EE327E8002A122B /* Release */ = {
			isa = XCBuildConfiguration;
			buildSettings = {
				ALWAYS_SEARCH_USER_PATHS = NO;
				CLANG_ANALYZER_NONNULL = YES;
				CLANG_ANALYZER_NUMBER_OBJECT_CONVERSION = YES_AGGRESSIVE;
				CLANG_CXX_LANGUAGE_STANDARD = "gnu++0x";
				CLANG_CXX_LIBRARY = "libc++";
				CLANG_ENABLE_MODULES = YES;
				CLANG_ENABLE_OBJC_ARC = YES;
				CLANG_WARN_BOOL_CONVERSION = YES;
				CLANG_WARN_CONSTANT_CONVERSION = YES;
				CLANG_WARN_DIRECT_OBJC_ISA_USAGE = YES_ERROR;
				CLANG_WARN_DOCUMENTATION_COMMENTS = YES;
				CLANG_WARN_EMPTY_BODY = YES;
				CLANG_WARN_ENUM_CONVERSION = YES;
				CLANG_WARN_INFINITE_RECURSION = YES;
				CLANG_WARN_INT_CONVERSION = YES;
				CLANG_WARN_OBJC_ROOT_CLASS = YES_ERROR;
				CLANG_WARN_SUSPICIOUS_MOVE = YES;
				CLANG_WARN_UNREACHABLE_CODE = YES;
				CLANG_WARN__DUPLICATE_METHOD_MATCH = YES;
				CODE_SIGN_IDENTITY = "-";
				COPY_PHASE_STRIP = NO;
				DEBUG_INFORMATION_FORMAT = "dwarf-with-dsym";
				ENABLE_NS_ASSERTIONS = NO;
				ENABLE_STRICT_OBJC_MSGSEND = YES;
				GCC_C_LANGUAGE_STANDARD = gnu99;
				GCC_NO_COMMON_BLOCKS = YES;
				GCC_WARN_64_TO_32_BIT_CONVERSION = YES;
				GCC_WARN_ABOUT_RETURN_TYPE = YES_ERROR;
				GCC_WARN_UNDECLARED_SELECTOR = YES;
				GCC_WARN_UNINITIALIZED_AUTOS = YES_AGGRESSIVE;
				GCC_WARN_UNUSED_FUNCTION = YES;
				GCC_WARN_UNUSED_VARIABLE = YES;
				MACOSX_DEPLOYMENT_TARGET = 10.12;
				MTL_ENABLE_DEBUG_INFO = NO;
				NEW_SETTING = "";
				SDKROOT = macosx;
			};
			name = Release;
		};
		D4AFC5E01EE327E8002A122B /* Debug */ = {
			isa = XCBuildConfiguration;
			buildSettings = {
				DEVELOPMENT_TEAM = XFDXLZRBS4;
				PRODUCT_NAME = "$(TARGET_NAME)";
			};
			name = Debug;
		};
		D4AFC5E11EE327E8002A122B /* Release */ = {
			isa = XCBuildConfiguration;
			buildSettings = {
				DEVELOPMENT_TEAM = XFDXLZRBS4;
				PRODUCT_NAME = "$(TARGET_NAME)";
			};
			name = Release;
		};
/* End XCBuildConfiguration section */

/* Begin XCConfigurationList section */
		D4AFC5D31EE327E8002A122B /* Build configuration list for PBXProject "objToOpenGL" */ = {
			isa = XCConfigurationList;
			buildConfigurations = (
				D4AFC5DD1EE327E8002A122B /* Debug */,
				D4AFC5DE1EE327E8002A122B /* Release */,
			);
			defaultConfigurationIsVisible = 0;
			defaultConfigurationName = Release;
		};
		D4AFC5DF1EE327E8002A122B /* Build configuration list for PBXNativeTarget "objToOpenGL" */ = {
			isa = XCConfigurationList;
			buildConfigurations = (
				D4AFC5E01EE327E8002A122B /* Debug */,
				D4AFC5E11EE327E8002A122B /* Release */,
			);
			defaultConfigurationIsVisible = 0;
			defaultConfigurationName = Release;
		};
/* End XCConfigurationList section */
	};
	rootObject = D4AFC5D01EE327E8002A122B /* Project object */;
}
